
Microsoft Visual Studio Solution File, Format Version 12.00
# Visual Studio Version 17
VisualStudioVersion = 17.0.31903.59
MinimumVisualStudioVersion = 10.0.40219.1
Project("{2150E333-8FDC-42A3-9474-1A3956D46DE8}") = "BOofOne", "BOofOne", "{E74AB3A1-5DA7-47B2-A8C7-D11540CF6816}"
EndProject
Project("{2150E333-8FDC-42A3-9474-1A3956D46DE8}") = "CS", "CS", "{AD912557-9BE8-4361-B2EE-4B5BE27BD0CD}"
EndProject
Project("{FAE04EC0-301F-11D3-BF4B-00C04F79EFBC}") = "BOofOne.Algo", "BOofOne\CS\BOofOne.Algo\BOofOne.Algo.csproj", "{F2B8C6F1-61AE-42A7-B5D9-67CA3539B470}"
EndProject
Project("{2150E333-8FDC-42A3-9474-1A3956D46DE8}") = "BOofLogN", "BOofLogN", "{91B1C0E7-D036-4B2B-A686-9EFF91FDE009}"
EndProject
Project("{2150E333-8FDC-42A3-9474-1A3956D46DE8}") = "CS", "CS", "{CCD48DC1-C797-4A99-8062-AFF978FF99FC}"
EndProject
Project("{FAE04EC0-301F-11D3-BF4B-00C04F79EFBC}") = "BOofLogN.Algo", "BOofLogN\CS\BOofLogN.Algo\BOofLogN.Algo.csproj", "{7A30C40F-6A88-4030-A49E-547FBC06C06E}"
EndProject
Project("{2150E333-8FDC-42A3-9474-1A3956D46DE8}") = "BOofN", "BOofN", "{D1BA717A-BC31-41C9-8EE1-5B1854E78C6D}"
EndProject
Project("{2150E333-8FDC-42A3-9474-1A3956D46DE8}") = "CS", "CS", "{DA44B720-5EAC-4947-913D-61D9D2A50D85}"
EndProject
Project("{FAE04EC0-301F-11D3-BF4B-00C04F79EFBC}") = "BOofN.Algo", "BOofN\CS\BOofN.Algo\BOofN.Algo.csproj", "{A7998DE3-B206-4B2F-A7AA-9DFD0515B6A8}"
EndProject
Project("{2150E333-8FDC-42A3-9474-1A3956D46DE8}") = "BOOfNP2", "BOOfNP2", "{32F17D60-7D9F-4EBA-A2BE-8D0F0314704E}"
EndProject
Project("{2150E333-8FDC-42A3-9474-1A3956D46DE8}") = "CS", "CS", "{DA1872D4-3F4B-49F3-9E5C-F2CA79CD8E9B}"
EndProject
Project("{FAE04EC0-301F-11D3-BF4B-00C04F79EFBC}") = "BOOfNP2.Algo", "BOOfNP2\CS\BOOfNP2.Algo\BOOfNP2.Algo.csproj", "{90DC301C-005C-4441-9471-8E8644C817F6}"
EndProject
Global
	GlobalSection(SolutionConfigurationPlatforms) = preSolution
		Debug|Any CPU = Debug|Any CPU
		Release|Any CPU = Release|Any CPU
	EndGlobalSection
	GlobalSection(SolutionProperties) = preSolution
		HideSolutionNode = FALSE
	EndGlobalSection
	GlobalSection(ProjectConfigurationPlatforms) = postSolution
		{F2B8C6F1-61AE-42A7-B5D9-67CA3539B470}.Debug|Any CPU.ActiveCfg = Debug|Any CPU
		{F2B8C6F1-61AE-42A7-B5D9-67CA3539B470}.Debug|Any CPU.Build.0 = Debug|Any CPU
		{F2B8C6F1-61AE-42A7-B5D9-67CA3539B470}.Release|Any CPU.ActiveCfg = Release|Any CPU
		{F2B8C6F1-61AE-42A7-B5D9-67CA3539B470}.Release|Any CPU.Build.0 = Release|Any CPU
		{7A30C40F-6A88-4030-A49E-547FBC06C06E}.Debug|Any CPU.ActiveCfg = Debug|Any CPU
		{7A30C40F-6A88-4030-A49E-547FBC06C06E}.Debug|Any CPU.Build.0 = Debug|Any CPU
		{7A30C40F-6A88-4030-A49E-547FBC06C06E}.Release|Any CPU.ActiveCfg = Release|Any CPU
		{7A30C40F-6A88-4030-A49E-547FBC06C06E}.Release|Any CPU.Build.0 = Release|Any CPU
		{A7998DE3-B206-4B2F-A7AA-9DFD0515B6A8}.Debug|Any CPU.ActiveCfg = Debug|Any CPU
		{A7998DE3-B206-4B2F-A7AA-9DFD0515B6A8}.Debug|Any CPU.Build.0 = Debug|Any CPU
		{A7998DE3-B206-4B2F-A7AA-9DFD0515B6A8}.Release|Any CPU.ActiveCfg = Release|Any CPU
		{A7998DE3-B206-4B2F-A7AA-9DFD0515B6A8}.Release|Any CPU.Build.0 = Release|Any CPU
		{90DC301C-005C-4441-9471-8E8644C817F6}.Debug|Any CPU.ActiveCfg = Debug|Any CPU
		{90DC301C-005C-4441-9471-8E8644C817F6}.Debug|Any CPU.Build.0 = Debug|Any CPU
		{90DC301C-005C-4441-9471-8E8644C817F6}.Release|Any CPU.ActiveCfg = Release|Any CPU
		{90DC301C-005C-4441-9471-8E8644C817F6}.Release|Any CPU.Build.0 = Release|Any CPU
	EndGlobalSection
	GlobalSection(NestedProjects) = preSolution
		{AD912557-9BE8-4361-B2EE-4B5BE27BD0CD} = {E74AB3A1-5DA7-47B2-A8C7-D11540CF6816}
		{F2B8C6F1-61AE-42A7-B5D9-67CA3539B470} = {AD912557-9BE8-4361-B2EE-4B5BE27BD0CD}
		{CCD48DC1-C797-4A99-8062-AFF978FF99FC} = {91B1C0E7-D036-4B2B-A686-9EFF91FDE009}
		{7A30C40F-6A88-4030-A49E-547FBC06C06E} = {CCD48DC1-C797-4A99-8062-AFF978FF99FC}
		{DA44B720-5EAC-4947-913D-61D9D2A50D85} = {D1BA717A-BC31-41C9-8EE1-5B1854E78C6D}
		{A7998DE3-B206-4B2F-A7AA-9DFD0515B6A8} = {DA44B720-5EAC-4947-913D-61D9D2A50D85}
		{DA1872D4-3F4B-49F3-9E5C-F2CA79CD8E9B} = {32F17D60-7D9F-4EBA-A2BE-8D0F0314704E}
		{90DC301C-005C-4441-9471-8E8644C817F6} = {DA1872D4-3F4B-49F3-9E5C-F2CA79CD8E9B}
	EndGlobalSection
EndGlobal
